
Microsoft Visual Studio Solution File, Format Version 11.00
# Visual Studio 2010
Project("{FAE04EC0-301F-11D3-BF4B-00C04F79EFBC}") = "TumblRipper.BugReporter", "TumblRipper.BugReporter\TumblRipper.BugReporter.csproj", "{B95AECF6-E218-4D74-A8D2-7B1B8A4B451D}"
EndProject
Project("{FAE04EC0-301F-11D3-BF4B-00C04F79EFBC}") = "TumblRipper", "TumblRipper\TumblRipper.csproj", "{B95AECF6-E218-4D74-A8D2-7B1B8A4B451F}"
EndProject
Project("{FAE04EC0-301F-11D3-BF4B-00C04F79EFBC}") = "TumblRipper.Common", "TumblRipper.Common\TumblRipper.Common.csproj", "{B95AECF6-E218-4D74-A8D2-7B1B8A4B451E}"
EndProject
Project("{FAE04EC0-301F-11D3-BF4B-00C04F79EFBC}") = "TumblRipper.PluginInterface", "TumblRipper.PluginInterface\TumblRipper.PluginInterface.csproj", "{B95AECF6-E218-4D74-A8D2-7B1B8A4B4520}"
EndProject
Project("{FAE04EC0-301F-11D3-BF4B-00C04F79EFBC}") = "TumblRipper.Plugins.Tumblr", "TumblRipper.Plugins.Tumblr\TumblRipper.Plugins.Tumblr.csproj", "{B95AECF6-E218-4D74-A8D2-7B1B8A4B4521}"
EndProject
Global
	GlobalSection(SolutionConfigurationPlatforms) = preSolution
		Debug|Any CPU = Debug|Any CPU
		Release|Any CPU = Release|Any CPU
	EndGlobalSection
	GlobalSection(ProjectConfigurationPlatforms) = postSolution
		{B95AECF6-E218-4D74-A8D2-7B1B8A4B451D}.Debug|Any CPU.ActiveCfg = Debug|Any CPU
		{B95AECF6-E218-4D74-A8D2-7B1B8A4B451D}.Debug|Any CPU.Build.0 = Debug|Any CPU
		{B95AECF6-E218-4D74-A8D2-7B1B8A4B451D}.Release|Any CPU.ActiveCfg = Release|Any CPU
		{B95AECF6-E218-4D74-A8D2-7B1B8A4B451D}.Release|Any CPU.Build.0 = Release|Any CPU
		{B95AECF6-E218-4D74-A8D2-7B1B8A4B451F}.Debug|Any CPU.ActiveCfg = Debug|Any CPU
		{B95AECF6-E218-4D74-A8D2-7B1B8A4B451F}.Debug|Any CPU.Build.0 = Debug|Any CPU
		{B95AECF6-E218-4D74-A8D2-7B1B8A4B451F}.Release|Any CPU.ActiveCfg = Release|Any CPU
		{B95AECF6-E218-4D74-A8D2-7B1B8A4B451F}.Release|Any CPU.Build.0 = Release|Any CPU
		{B95AECF6-E218-4D74-A8D2-7B1B8A4B451E}.Debug|Any CPU.ActiveCfg = Debug|Any CPU
		{B95AECF6-E218-4D74-A8D2-7B1B8A4B451E}.Debug|Any CPU.Build.0 = Debug|Any CPU
		{B95AECF6-E218-4D74-A8D2-7B1B8A4B451E}.Release|Any CPU.ActiveCfg = Release|Any CPU
		{B95AECF6-E218-4D74-A8D2-7B1B8A4B451E}.Release|Any CPU.Build.0 = Release|Any CPU
		{B95AECF6-E218-4D74-A8D2-7B1B8A4B4520}.Debug|Any CPU.ActiveCfg = Debug|Any CPU
		{B95AECF6-E218-4D74-A8D2-7B1B8A4B4520}.Debug|Any CPU.Build.0 = Debug|Any CPU
		{B95AECF6-E218-4D74-A8D2-7B1B8A4B4520}.Release|Any CPU.ActiveCfg = Release|Any CPU
		{B95AECF6-E218-4D74-A8D2-7B1B8A4B4520}.Release|Any CPU.Build.0 = Release|Any CPU
		{B95AECF6-E218-4D74-A8D2-7B1B8A4B4521}.Debug|Any CPU.ActiveCfg = Debug|Any CPU
		{B95AECF6-E218-4D74-A8D2-7B1B8A4B4521}.Debug|Any CPU.Build.0 = Debug|Any CPU
		{B95AECF6-E218-4D74-A8D2-7B1B8A4B4521}.Release|Any CPU.ActiveCfg = Release|Any CPU
		{B95AECF6-E218-4D74-A8D2-7B1B8A4B4521}.Release|Any CPU.Build.0 = Release|Any CPU
	EndGlobalSection
	GlobalSection(SolutionProperties) = preSolution
		HideSolutionNode = FALSE
	EndGlobalSection
EndGlobal
